
Microsoft Visual Studio Solution File, Format Version 12.00
# Visual Studio Version 17
VisualStudioVersion = 17.5.33414.496
MinimumVisualStudioVersion = 10.0.40219.1
Project("{FAE04EC0-301F-11D3-BF4B-00C04F79EFBC}") = "IotHubStorage", "IotHubStorage.csproj", "{FEDA849F-FB2A-4473-BFBE-24F75D650390}"
EndProject
Global
	GlobalSection(SolutionConfigurationPlatforms) = preSolution
		Debug|Any CPU = Debug|Any CPU
		Release|Any CPU = Release|Any CPU
	EndGlobalSection
	GlobalSection(ProjectConfigurationPlatforms) = postSolution
		{FEDA849F-FB2A-4473-BFBE-24F75D650390}.Debug|Any CPU.ActiveCfg = Debug|Any CPU
		{FEDA849F-FB2A-4473-BFBE-24F75D650390}.Debug|Any CPU.Build.0 = Debug|Any CPU
		{FEDA849F-FB2A-4473-BFBE-24F75D650390}.Release|Any CPU.ActiveCfg = Release|Any CPU
		{FEDA849F-FB2A-4473-BFBE-24F75D650390}.Release|Any CPU.Build.0 = Release|Any CPU
	EndGlobalSection
	GlobalSection(SolutionProperties) = preSolution
		HideSolutionNode = FALSE
	EndGlobalSection
	GlobalSection(ExtensibilityGlobals) = postSolution
		SolutionGuid = {6CC7EF1D-515A-4836-8CB0-CA2D91BAA93F}
	EndGlobalSection
EndGlobal
